
Microsoft Visual Studio Solution File, Format Version 12.00
# Visual Studio Version 17
VisualStudioVersion = 17.2.32630.192
MinimumVisualStudioVersion = 10.0.40219.1
Project("{FAE04EC0-301F-11D3-BF4B-00C04F79EFBC}") = "ExercicioFinal", "ExercicioFinal\ExercicioFinal.csproj", "{8186204C-87B4-4A93-98BD-F5F0C1337CBB}"
EndProject
Global
	GlobalSection(SolutionConfigurationPlatforms) = preSolution
		Debug|Any CPU = Debug|Any CPU
		Release|Any CPU = Release|Any CPU
	EndGlobalSection
	GlobalSection(ProjectConfigurationPlatforms) = postSolution
		{8186204C-87B4-4A93-98BD-F5F0C1337CBB}.Debug|Any CPU.ActiveCfg = Debug|Any CPU
		{8186204C-87B4-4A93-98BD-F5F0C1337CBB}.Debug|Any CPU.Build.0 = Debug|Any CPU
		{8186204C-87B4-4A93-98BD-F5F0C1337CBB}.Release|Any CPU.ActiveCfg = Release|Any CPU
		{8186204C-87B4-4A93-98BD-F5F0C1337CBB}.Release|Any CPU.Build.0 = Release|Any CPU
	EndGlobalSection
	GlobalSection(SolutionProperties) = preSolution
		HideSolutionNode = FALSE
	EndGlobalSection
	GlobalSection(ExtensibilityGlobals) = postSolution
		SolutionGuid = {BD7BDF38-4CAC-4098-9ADF-C055DAC1F1D5}
	EndGlobalSection
EndGlobal
